
Microsoft Visual Studio Solution File, Format Version 12.00
# Visual Studio Version 16
VisualStudioVersion = 16.0.30413.136
MinimumVisualStudioVersion = 10.0.40219.1
Project("{FAE04EC0-301F-11D3-BF4B-00C04F79EFBC}") = "ApplePayExample", "ApplePayExample\ApplePayExample.csproj", "{CA875F5F-C6B7-45C0-A2D3-2FACEDE380A6}"
EndProject
Global
	GlobalSection(SolutionConfigurationPlatforms) = preSolution
		Debug|Any CPU = Debug|Any CPU
		Release|Any CPU = Release|Any CPU
	EndGlobalSection
	GlobalSection(ProjectConfigurationPlatforms) = postSolution
		{CA875F5F-C6B7-45C0-A2D3-2FACEDE380A6}.Debug|Any CPU.ActiveCfg = Debug|Any CPU
		{CA875F5F-C6B7-45C0-A2D3-2FACEDE380A6}.Debug|Any CPU.Build.0 = Debug|Any CPU
		{CA875F5F-C6B7-45C0-A2D3-2FACEDE380A6}.Release|Any CPU.ActiveCfg = Release|Any CPU
		{CA875F5F-C6B7-45C0-A2D3-2FACEDE380A6}.Release|Any CPU.Build.0 = Release|Any CPU
	EndGlobalSection
	GlobalSection(SolutionProperties) = preSolution
		HideSolutionNode = FALSE
	EndGlobalSection
	GlobalSection(ExtensibilityGlobals) = postSolution
		SolutionGuid = {6EE6BE68-AC7D-4D68-9F63-3EF3A9FB7C49}
	EndGlobalSection
EndGlobal
